
Microsoft Visual Studio Solution File, Format Version 12.00
# Visual Studio Version 17
VisualStudioVersion = 17.13.35806.99
MinimumVisualStudioVersion = 10.0.40219.1
Project("{FAE04EC0-301F-11D3-BF4B-00C04F79EFBC}") = "TKPM-Project", "TKPM-Project\TKPM-Project.csproj", "{F6CD2AF1-72FE-4BC0-8EA4-D5C603C0C69D}"
EndProject
Global
	GlobalSection(SolutionConfigurationPlatforms) = preSolution
		Debug|Any CPU = Debug|Any CPU
		Release|Any CPU = Release|Any CPU
	EndGlobalSection
	GlobalSection(ProjectConfigurationPlatforms) = postSolution
		{F6CD2AF1-72FE-4BC0-8EA4-D5C603C0C69D}.Debug|Any CPU.ActiveCfg = Debug|Any CPU
		{F6CD2AF1-72FE-4BC0-8EA4-D5C603C0C69D}.Debug|Any CPU.Build.0 = Debug|Any CPU
		{F6CD2AF1-72FE-4BC0-8EA4-D5C603C0C69D}.Release|Any CPU.ActiveCfg = Release|Any CPU
		{F6CD2AF1-72FE-4BC0-8EA4-D5C603C0C69D}.Release|Any CPU.Build.0 = Release|Any CPU
	EndGlobalSection
	GlobalSection(SolutionProperties) = preSolution
		HideSolutionNode = FALSE
	EndGlobalSection
	GlobalSection(ExtensibilityGlobals) = postSolution
		SolutionGuid = {355BD5CD-99C9-4D5A-9F54-3667C36FB7D9}
	EndGlobalSection
EndGlobal
